
Microsoft Visual Studio Solution File, Format Version 12.00
# Visual Studio Version 16
VisualStudioVersion = 16.0.29509.3
MinimumVisualStudioVersion = 10.0.40219.1
Project("{FAE04EC0-301F-11D3-BF4B-00C04F79EFBC}") = "Estudos", "Estudos\Estudos.csproj", "{A3B4B5CC-476A-4536-9EDD-80F680F48030}"
EndProject
Project("{FAE04EC0-301F-11D3-BF4B-00C04F79EFBC}") = "Estudos-02", "Estudos-02\Estudos-02.csproj", "{B908175B-7160-48EF-A46D-45BEEE677AB1}"
EndProject
Project("{FAE04EC0-301F-11D3-BF4B-00C04F79EFBC}") = "Estudos-03", "Estudos-03\Estudos-03.csproj", "{11771D75-84A9-4E9D-8667-6718AAD62B9E}"
EndProject
Project("{FAE04EC0-301F-11D3-BF4B-00C04F79EFBC}") = "Estudos-05", "Estudos-05\Estudos-05.csproj", "{F9EBEC4B-3564-4898-99B6-F21CA51B9B09}"
EndProject
Project("{FAE04EC0-301F-11D3-BF4B-00C04F79EFBC}") = "Estudos-06", "Estudos-06\Estudos-06.csproj", "{B87EBE26-01DC-4881-9D02-B755B92FA7E8}"
EndProject
Global
	GlobalSection(SolutionConfigurationPlatforms) = preSolution
		Debug|Any CPU = Debug|Any CPU
		Release|Any CPU = Release|Any CPU
	EndGlobalSection
	GlobalSection(ProjectConfigurationPlatforms) = postSolution
		{A3B4B5CC-476A-4536-9EDD-80F680F48030}.Debug|Any CPU.ActiveCfg = Debug|Any CPU
		{A3B4B5CC-476A-4536-9EDD-80F680F48030}.Debug|Any CPU.Build.0 = Debug|Any CPU
		{A3B4B5CC-476A-4536-9EDD-80F680F48030}.Release|Any CPU.ActiveCfg = Release|Any CPU
		{A3B4B5CC-476A-4536-9EDD-80F680F48030}.Release|Any CPU.Build.0 = Release|Any CPU
		{B908175B-7160-48EF-A46D-45BEEE677AB1}.Debug|Any CPU.ActiveCfg = Debug|Any CPU
		{B908175B-7160-48EF-A46D-45BEEE677AB1}.Debug|Any CPU.Build.0 = Debug|Any CPU
		{B908175B-7160-48EF-A46D-45BEEE677AB1}.Release|Any CPU.ActiveCfg = Release|Any CPU
		{B908175B-7160-48EF-A46D-45BEEE677AB1}.Release|Any CPU.Build.0 = Release|Any CPU
		{11771D75-84A9-4E9D-8667-6718AAD62B9E}.Debug|Any CPU.ActiveCfg = Debug|Any CPU
		{11771D75-84A9-4E9D-8667-6718AAD62B9E}.Debug|Any CPU.Build.0 = Debug|Any CPU
		{11771D75-84A9-4E9D-8667-6718AAD62B9E}.Release|Any CPU.ActiveCfg = Release|Any CPU
		{11771D75-84A9-4E9D-8667-6718AAD62B9E}.Release|Any CPU.Build.0 = Release|Any CPU
		{F9EBEC4B-3564-4898-99B6-F21CA51B9B09}.Debug|Any CPU.ActiveCfg = Debug|Any CPU
		{F9EBEC4B-3564-4898-99B6-F21CA51B9B09}.Debug|Any CPU.Build.0 = Debug|Any CPU
		{F9EBEC4B-3564-4898-99B6-F21CA51B9B09}.Release|Any CPU.ActiveCfg = Release|Any CPU
		{F9EBEC4B-3564-4898-99B6-F21CA51B9B09}.Release|Any CPU.Build.0 = Release|Any CPU
		{B87EBE26-01DC-4881-9D02-B755B92FA7E8}.Debug|Any CPU.ActiveCfg = Debug|Any CPU
		{B87EBE26-01DC-4881-9D02-B755B92FA7E8}.Debug|Any CPU.Build.0 = Debug|Any CPU
		{B87EBE26-01DC-4881-9D02-B755B92FA7E8}.Release|Any CPU.ActiveCfg = Release|Any CPU
		{B87EBE26-01DC-4881-9D02-B755B92FA7E8}.Release|Any CPU.Build.0 = Release|Any CPU
	EndGlobalSection
	GlobalSection(SolutionProperties) = preSolution
		HideSolutionNode = FALSE
	EndGlobalSection
	GlobalSection(ExtensibilityGlobals) = postSolution
		SolutionGuid = {27288A71-69D9-4750-A819-A0379B4CAD20}
	EndGlobalSection
EndGlobal
